
Microsoft Visual Studio Solution File, Format Version 12.00
# Visual Studio Version 17
VisualStudioVersion = 17.3.32922.545
MinimumVisualStudioVersion = 10.0.40219.1
Project("{FAE04EC0-301F-11D3-BF4B-00C04F79EFBC}") = "ClassLibrary", "ClassLibrary.csproj", "{ECCFAE9A-277D-458E-B724-26908DE6D744}"
EndProject
Project("{9A19103F-16F7-4668-BE54-9A1E7A4F7556}") = "carShowroom", "..\carShowroom\carShowroom\carShowroom.csproj", "{1C7E2F84-4393-494C-8E57-F48022410BD8}"
EndProject
Global
	GlobalSection(SolutionConfigurationPlatforms) = preSolution
		Debug|Any CPU = Debug|Any CPU
		Release|Any CPU = Release|Any CPU
	EndGlobalSection
	GlobalSection(ProjectConfigurationPlatforms) = postSolution
		{ECCFAE9A-277D-458E-B724-26908DE6D744}.Debug|Any CPU.ActiveCfg = Debug|Any CPU
		{ECCFAE9A-277D-458E-B724-26908DE6D744}.Debug|Any CPU.Build.0 = Debug|Any CPU
		{ECCFAE9A-277D-458E-B724-26908DE6D744}.Release|Any CPU.ActiveCfg = Release|Any CPU
		{ECCFAE9A-277D-458E-B724-26908DE6D744}.Release|Any CPU.Build.0 = Release|Any CPU
		{1C7E2F84-4393-494C-8E57-F48022410BD8}.Debug|Any CPU.ActiveCfg = Debug|Any CPU
		{1C7E2F84-4393-494C-8E57-F48022410BD8}.Debug|Any CPU.Build.0 = Debug|Any CPU
		{1C7E2F84-4393-494C-8E57-F48022410BD8}.Release|Any CPU.ActiveCfg = Release|Any CPU
		{1C7E2F84-4393-494C-8E57-F48022410BD8}.Release|Any CPU.Build.0 = Release|Any CPU
	EndGlobalSection
	GlobalSection(SolutionProperties) = preSolution
		HideSolutionNode = FALSE
	EndGlobalSection
	GlobalSection(ExtensibilityGlobals) = postSolution
		SolutionGuid = {30193ECA-5B40-43F7-8437-3950D0483382}
	EndGlobalSection
EndGlobal
