
Microsoft Visual Studio Solution File, Format Version 12.00
# Visual Studio Version 17
VisualStudioVersion = 17.3.32922.545
MinimumVisualStudioVersion = 10.0.40219.1
Project("{9A19103F-16F7-4668-BE54-9A1E7A4F7556}") = "car", "car.csproj", "{808BDEB1-C0E0-4A93-89BC-C036718E68DD}"
EndProject
Project("{9A19103F-16F7-4668-BE54-9A1E7A4F7556}") = "ClassLibrary", "..\ClassLibrary\ClassLibrary.csproj", "{06CEDFD9-1DE9-46BE-A79A-E9F3B3179EB4}"
EndProject
Project("{9A19103F-16F7-4668-BE54-9A1E7A4F7556}") = "ClassLibrary.Tests", "..\ClassLibrary.Tests\ClassLibrary.Tests.csproj", "{3AAD9B09-BAA3-41D4-A6CF-2D128D1D8EB3}"
EndProject
Project("{FAE04EC0-301F-11D3-BF4B-00C04F79EFBC}") = "DLLForWriteLogs", "..\DLLForWriteLogs\DLLForWriteLogs.csproj", "{D3293197-CCD4-40E4-B2BF-B13CB197E8FC}"
EndProject
Global
	GlobalSection(SolutionConfigurationPlatforms) = preSolution
		Debug|Any CPU = Debug|Any CPU
		Release|Any CPU = Release|Any CPU
	EndGlobalSection
	GlobalSection(ProjectConfigurationPlatforms) = postSolution
		{808BDEB1-C0E0-4A93-89BC-C036718E68DD}.Debug|Any CPU.ActiveCfg = Debug|Any CPU
		{808BDEB1-C0E0-4A93-89BC-C036718E68DD}.Debug|Any CPU.Build.0 = Debug|Any CPU
		{808BDEB1-C0E0-4A93-89BC-C036718E68DD}.Release|Any CPU.ActiveCfg = Release|Any CPU
		{808BDEB1-C0E0-4A93-89BC-C036718E68DD}.Release|Any CPU.Build.0 = Release|Any CPU
		{06CEDFD9-1DE9-46BE-A79A-E9F3B3179EB4}.Debug|Any CPU.ActiveCfg = Debug|Any CPU
		{06CEDFD9-1DE9-46BE-A79A-E9F3B3179EB4}.Debug|Any CPU.Build.0 = Debug|Any CPU
		{06CEDFD9-1DE9-46BE-A79A-E9F3B3179EB4}.Release|Any CPU.ActiveCfg = Release|Any CPU
		{06CEDFD9-1DE9-46BE-A79A-E9F3B3179EB4}.Release|Any CPU.Build.0 = Release|Any CPU
		{3AAD9B09-BAA3-41D4-A6CF-2D128D1D8EB3}.Debug|Any CPU.ActiveCfg = Debug|Any CPU
		{3AAD9B09-BAA3-41D4-A6CF-2D128D1D8EB3}.Debug|Any CPU.Build.0 = Debug|Any CPU
		{3AAD9B09-BAA3-41D4-A6CF-2D128D1D8EB3}.Release|Any CPU.ActiveCfg = Release|Any CPU
		{3AAD9B09-BAA3-41D4-A6CF-2D128D1D8EB3}.Release|Any CPU.Build.0 = Release|Any CPU
		{D3293197-CCD4-40E4-B2BF-B13CB197E8FC}.Debug|Any CPU.ActiveCfg = Debug|Any CPU
		{D3293197-CCD4-40E4-B2BF-B13CB197E8FC}.Debug|Any CPU.Build.0 = Debug|Any CPU
		{D3293197-CCD4-40E4-B2BF-B13CB197E8FC}.Release|Any CPU.ActiveCfg = Release|Any CPU
		{D3293197-CCD4-40E4-B2BF-B13CB197E8FC}.Release|Any CPU.Build.0 = Release|Any CPU
	EndGlobalSection
	GlobalSection(SolutionProperties) = preSolution
		HideSolutionNode = FALSE
	EndGlobalSection
	GlobalSection(ExtensibilityGlobals) = postSolution
		SolutionGuid = {0D1ECF37-A832-48CB-9FA8-635DCDD32E68}
	EndGlobalSection
EndGlobal
